
Microsoft Visual Studio Solution File, Format Version 12.00
# Visual Studio 15
VisualStudioVersion = 15.0.36617.4
MinimumVisualStudioVersion = 10.0.40219.1
Project("{F184B08F-C81C-45F6-A57F-5ABD9991F28F}") = "actividad 3", "actividad 3\actividad 3.vbproj", "{CB86D202-FD4C-4FFF-9551-E103347A52DE}"
EndProject
Global
	GlobalSection(SolutionConfigurationPlatforms) = preSolution
		Debug|Any CPU = Debug|Any CPU
		Release|Any CPU = Release|Any CPU
	EndGlobalSection
	GlobalSection(ProjectConfigurationPlatforms) = postSolution
		{CB86D202-FD4C-4FFF-9551-E103347A52DE}.Debug|Any CPU.ActiveCfg = Debug|Any CPU
		{CB86D202-FD4C-4FFF-9551-E103347A52DE}.Debug|Any CPU.Build.0 = Debug|Any CPU
		{CB86D202-FD4C-4FFF-9551-E103347A52DE}.Release|Any CPU.ActiveCfg = Release|Any CPU
		{CB86D202-FD4C-4FFF-9551-E103347A52DE}.Release|Any CPU.Build.0 = Release|Any CPU
	EndGlobalSection
	GlobalSection(SolutionProperties) = preSolution
		HideSolutionNode = FALSE
	EndGlobalSection
	GlobalSection(ExtensibilityGlobals) = postSolution
		SolutionGuid = {76605210-48BB-4638-A530-FA21E2BBE81E}
	EndGlobalSection
EndGlobal
